
Microsoft Visual Studio Solution File, Format Version 12.00
# Visual Studio Version 17
VisualStudioVersion = 17.5.33414.496
MinimumVisualStudioVersion = 10.0.40219.1
Project("{9A19103F-16F7-4668-BE54-9A1E7A4F7556}") = "WebApi", "WebApi\WebApi.csproj", "{D1E8CA64-CC52-476D-874D-C0C95B0C9BAE}"
EndProject
Project("{FAE04EC0-301F-11D3-BF4B-00C04F79EFBC}") = "ConsumeApi", "ConsumeApi\ConsumeApi.csproj", "{7AC39CA5-E31C-46CA-B958-086ACB4A0598}"
EndProject
Global
	GlobalSection(SolutionConfigurationPlatforms) = preSolution
		Debug|Any CPU = Debug|Any CPU
		Release|Any CPU = Release|Any CPU
	EndGlobalSection
	GlobalSection(ProjectConfigurationPlatforms) = postSolution
		{D1E8CA64-CC52-476D-874D-C0C95B0C9BAE}.Debug|Any CPU.ActiveCfg = Debug|Any CPU
		{D1E8CA64-CC52-476D-874D-C0C95B0C9BAE}.Debug|Any CPU.Build.0 = Debug|Any CPU
		{D1E8CA64-CC52-476D-874D-C0C95B0C9BAE}.Release|Any CPU.ActiveCfg = Release|Any CPU
		{D1E8CA64-CC52-476D-874D-C0C95B0C9BAE}.Release|Any CPU.Build.0 = Release|Any CPU
		{7AC39CA5-E31C-46CA-B958-086ACB4A0598}.Debug|Any CPU.ActiveCfg = Debug|Any CPU
		{7AC39CA5-E31C-46CA-B958-086ACB4A0598}.Debug|Any CPU.Build.0 = Debug|Any CPU
		{7AC39CA5-E31C-46CA-B958-086ACB4A0598}.Release|Any CPU.ActiveCfg = Release|Any CPU
		{7AC39CA5-E31C-46CA-B958-086ACB4A0598}.Release|Any CPU.Build.0 = Release|Any CPU
	EndGlobalSection
	GlobalSection(SolutionProperties) = preSolution
		HideSolutionNode = FALSE
	EndGlobalSection
	GlobalSection(ExtensibilityGlobals) = postSolution
		SolutionGuid = {50DE1533-D046-4B05-9111-87CD1CDFF18C}
	EndGlobalSection
EndGlobal
